
Microsoft Visual Studio Solution File, Format Version 12.00
Project("{FAE04EC0-301F-11D3-BF4B-00C04F79EFBC}") = "MunitS", "MunitS\MunitS.csproj", "{C03E4499-0D0C-48A0-80B3-482EEB9F586C}"
EndProject
Project("{FAE04EC0-301F-11D3-BF4B-00C04F79EFBC}") = "MunitS.Domain", "MunitS.Domain\MunitS.Domain.csproj", "{93B052D6-5CA6-4331-9344-761837F8F9FB}"
EndProject
Project("{2150E333-8FDC-42A3-9474-1A3956D46DE8}") = "src", "src", "{A36A3D29-7F46-411F-93E2-CA2EDCC60A79}"
EndProject
Project("{FAE04EC0-301F-11D3-BF4B-00C04F79EFBC}") = "MunitS.UseCases", "MunitS.UseCases\MunitS.UseCases.csproj", "{6D20E3FA-F2A4-4849-92AA-B44F51C19CFC}"
EndProject
Project("{FAE04EC0-301F-11D3-BF4B-00C04F79EFBC}") = "MunitS.Infrastructure", "MunitS.Infrastructure\MunitS.Infrastructure.csproj", "{EA5E1EBF-43E0-49C5-A21F-9845123612A2}"
EndProject
Project("{FAE04EC0-301F-11D3-BF4B-00C04F79EFBC}") = "MunitS.Protos", "MunitS.Protos\MunitS.Protos.csproj", "{2E9B9580-2573-4921-B642-EDCBA088234A}"
EndProject
Global
	GlobalSection(SolutionConfigurationPlatforms) = preSolution
		Debug|Any CPU = Debug|Any CPU
		Release|Any CPU = Release|Any CPU
	EndGlobalSection
	GlobalSection(ProjectConfigurationPlatforms) = postSolution
		{C03E4499-0D0C-48A0-80B3-482EEB9F586C}.Debug|Any CPU.ActiveCfg = Debug|Any CPU
		{C03E4499-0D0C-48A0-80B3-482EEB9F586C}.Debug|Any CPU.Build.0 = Debug|Any CPU
		{C03E4499-0D0C-48A0-80B3-482EEB9F586C}.Release|Any CPU.ActiveCfg = Release|Any CPU
		{C03E4499-0D0C-48A0-80B3-482EEB9F586C}.Release|Any CPU.Build.0 = Release|Any CPU
		{93B052D6-5CA6-4331-9344-761837F8F9FB}.Debug|Any CPU.ActiveCfg = Debug|Any CPU
		{93B052D6-5CA6-4331-9344-761837F8F9FB}.Debug|Any CPU.Build.0 = Debug|Any CPU
		{93B052D6-5CA6-4331-9344-761837F8F9FB}.Release|Any CPU.ActiveCfg = Release|Any CPU
		{93B052D6-5CA6-4331-9344-761837F8F9FB}.Release|Any CPU.Build.0 = Release|Any CPU
		{6D20E3FA-F2A4-4849-92AA-B44F51C19CFC}.Debug|Any CPU.ActiveCfg = Debug|Any CPU
		{6D20E3FA-F2A4-4849-92AA-B44F51C19CFC}.Debug|Any CPU.Build.0 = Debug|Any CPU
		{6D20E3FA-F2A4-4849-92AA-B44F51C19CFC}.Release|Any CPU.ActiveCfg = Release|Any CPU
		{6D20E3FA-F2A4-4849-92AA-B44F51C19CFC}.Release|Any CPU.Build.0 = Release|Any CPU
		{EA5E1EBF-43E0-49C5-A21F-9845123612A2}.Debug|Any CPU.ActiveCfg = Debug|Any CPU
		{EA5E1EBF-43E0-49C5-A21F-9845123612A2}.Debug|Any CPU.Build.0 = Debug|Any CPU
		{EA5E1EBF-43E0-49C5-A21F-9845123612A2}.Release|Any CPU.ActiveCfg = Release|Any CPU
		{EA5E1EBF-43E0-49C5-A21F-9845123612A2}.Release|Any CPU.Build.0 = Release|Any CPU
		{2E9B9580-2573-4921-B642-EDCBA088234A}.Debug|Any CPU.ActiveCfg = Debug|Any CPU
		{2E9B9580-2573-4921-B642-EDCBA088234A}.Debug|Any CPU.Build.0 = Debug|Any CPU
		{2E9B9580-2573-4921-B642-EDCBA088234A}.Release|Any CPU.ActiveCfg = Release|Any CPU
		{2E9B9580-2573-4921-B642-EDCBA088234A}.Release|Any CPU.Build.0 = Release|Any CPU
	EndGlobalSection
	GlobalSection(NestedProjects) = preSolution
		{C03E4499-0D0C-48A0-80B3-482EEB9F586C} = {A36A3D29-7F46-411F-93E2-CA2EDCC60A79}
		{93B052D6-5CA6-4331-9344-761837F8F9FB} = {A36A3D29-7F46-411F-93E2-CA2EDCC60A79}
		{6D20E3FA-F2A4-4849-92AA-B44F51C19CFC} = {A36A3D29-7F46-411F-93E2-CA2EDCC60A79}
		{EA5E1EBF-43E0-49C5-A21F-9845123612A2} = {A36A3D29-7F46-411F-93E2-CA2EDCC60A79}
		{2E9B9580-2573-4921-B642-EDCBA088234A} = {A36A3D29-7F46-411F-93E2-CA2EDCC60A79}
	EndGlobalSection
EndGlobal
