
Microsoft Visual Studio Solution File, Format Version 12.00
Project("{2150E333-8FDC-42A3-9474-1A3956D46DE8}") = "src", "src", "{A36A3D29-7F46-411F-93E2-CA2EDCC60A79}"
EndProject
Project("{FAE04EC0-301F-11D3-BF4B-00C04F79EFBC}") = "MunitS", "src\MunitS\MunitS.csproj", "{8AA64D10-DC30-4308-A499-BA702B14DF72}"
EndProject
Project("{FAE04EC0-301F-11D3-BF4B-00C04F79EFBC}") = "MunitS.Domain", "src\MunitS.Domain\MunitS.Domain.csproj", "{889A192E-29B4-4F41-8ACF-58223743593B}"
EndProject
Project("{FAE04EC0-301F-11D3-BF4B-00C04F79EFBC}") = "MunitS.Infrastructure", "src\MunitS.Infrastructure\MunitS.Infrastructure.csproj", "{0C15E1E3-95E5-4E54-B56A-161D9D35C78B}"
EndProject
Project("{FAE04EC0-301F-11D3-BF4B-00C04F79EFBC}") = "MunitS.Protos", "src\MunitS.Protos\MunitS.Protos.csproj", "{C59B1D47-71B7-452D-AE5C-6F5C103B356F}"
EndProject
Project("{FAE04EC0-301F-11D3-BF4B-00C04F79EFBC}") = "MunitS.UseCases", "src\MunitS.UseCases\MunitS.UseCases.csproj", "{0DDAA0E7-FA5C-49B1-98FB-E1C6ECEE5C52}"
EndProject
Global
	GlobalSection(SolutionConfigurationPlatforms) = preSolution
		Debug|Any CPU = Debug|Any CPU
		Release|Any CPU = Release|Any CPU
	EndGlobalSection
	GlobalSection(ProjectConfigurationPlatforms) = postSolution
		{8AA64D10-DC30-4308-A499-BA702B14DF72}.Debug|Any CPU.ActiveCfg = Debug|Any CPU
		{8AA64D10-DC30-4308-A499-BA702B14DF72}.Debug|Any CPU.Build.0 = Debug|Any CPU
		{8AA64D10-DC30-4308-A499-BA702B14DF72}.Release|Any CPU.ActiveCfg = Release|Any CPU
		{8AA64D10-DC30-4308-A499-BA702B14DF72}.Release|Any CPU.Build.0 = Release|Any CPU
		{889A192E-29B4-4F41-8ACF-58223743593B}.Debug|Any CPU.ActiveCfg = Debug|Any CPU
		{889A192E-29B4-4F41-8ACF-58223743593B}.Debug|Any CPU.Build.0 = Debug|Any CPU
		{889A192E-29B4-4F41-8ACF-58223743593B}.Release|Any CPU.ActiveCfg = Release|Any CPU
		{889A192E-29B4-4F41-8ACF-58223743593B}.Release|Any CPU.Build.0 = Release|Any CPU
		{0C15E1E3-95E5-4E54-B56A-161D9D35C78B}.Debug|Any CPU.ActiveCfg = Debug|Any CPU
		{0C15E1E3-95E5-4E54-B56A-161D9D35C78B}.Debug|Any CPU.Build.0 = Debug|Any CPU
		{0C15E1E3-95E5-4E54-B56A-161D9D35C78B}.Release|Any CPU.ActiveCfg = Release|Any CPU
		{0C15E1E3-95E5-4E54-B56A-161D9D35C78B}.Release|Any CPU.Build.0 = Release|Any CPU
		{C59B1D47-71B7-452D-AE5C-6F5C103B356F}.Debug|Any CPU.ActiveCfg = Debug|Any CPU
		{C59B1D47-71B7-452D-AE5C-6F5C103B356F}.Debug|Any CPU.Build.0 = Debug|Any CPU
		{C59B1D47-71B7-452D-AE5C-6F5C103B356F}.Release|Any CPU.ActiveCfg = Release|Any CPU
		{C59B1D47-71B7-452D-AE5C-6F5C103B356F}.Release|Any CPU.Build.0 = Release|Any CPU
		{0DDAA0E7-FA5C-49B1-98FB-E1C6ECEE5C52}.Debug|Any CPU.ActiveCfg = Debug|Any CPU
		{0DDAA0E7-FA5C-49B1-98FB-E1C6ECEE5C52}.Debug|Any CPU.Build.0 = Debug|Any CPU
		{0DDAA0E7-FA5C-49B1-98FB-E1C6ECEE5C52}.Release|Any CPU.ActiveCfg = Release|Any CPU
		{0DDAA0E7-FA5C-49B1-98FB-E1C6ECEE5C52}.Release|Any CPU.Build.0 = Release|Any CPU
	EndGlobalSection
	GlobalSection(NestedProjects) = preSolution
		{8AA64D10-DC30-4308-A499-BA702B14DF72} = {A36A3D29-7F46-411F-93E2-CA2EDCC60A79}
		{889A192E-29B4-4F41-8ACF-58223743593B} = {A36A3D29-7F46-411F-93E2-CA2EDCC60A79}
		{0C15E1E3-95E5-4E54-B56A-161D9D35C78B} = {A36A3D29-7F46-411F-93E2-CA2EDCC60A79}
		{C59B1D47-71B7-452D-AE5C-6F5C103B356F} = {A36A3D29-7F46-411F-93E2-CA2EDCC60A79}
		{0DDAA0E7-FA5C-49B1-98FB-E1C6ECEE5C52} = {A36A3D29-7F46-411F-93E2-CA2EDCC60A79}
	EndGlobalSection
EndGlobal
